// !$*UTF8*$!
{
	archiveVersion = 1;
	classes = {
	};
	objectVersion = 46;
	objects = {

/* Begin PBXBuildFile section */
		2B7E2F7F1976D13400CB7E5B /* Foundation.framework in Frameworks */ = {isa = PBXBuildFile; fileRef = 2B7E2F7E1976D13400CB7E5B /* Foundation.framework */; };
		2B7E2F811976D13400CB7E5B /* CoreGraphics.framework in Frameworks */ = {isa = PBXBuildFile; fileRef = 2B7E2F801976D13400CB7E5B /* CoreGraphics.framework */; };
		2B7E2F831976D13400CB7E5B /* UIKit.framework in Frameworks */ = {isa = PBXBuildFile; fileRef = 2B7E2F821976D13400CB7E5B /* UIKit.framework */; };
		2B7E2F891976D13400CB7E5B /* InfoPlist.strings in Resources */ = {isa = PBXBuildFile; fileRef = 2B7E2F871976D13400CB7E5B /* InfoPlist.strings */; };
		2B7E2F8B1976D13400CB7E5B /* main.m in Sources */ = {isa = PBXBuildFile; fileRef = 2B7E2F8A1976D13400CB7E5B /* main.m */; };
		2B7E2F8F1976D13400CB7E5B /* AppDelegate.m in Sources */ = {isa = PBXBuildFile; fileRef = 2B7E2F8E1976D13400CB7E5B /* AppDelegate.m */; };
		2B7E2F911976D13400CB7E5B /* Images.xcassets in Resources */ = {isa = PBXBuildFile; fileRef = 2B7E2F901976D13400CB7E5B /* Images.xcassets */; };
		2B7E2F981976D13400CB7E5B /* XCTest.framework in Frameworks */ = {isa = PBXBuildFile; fileRef = 2B7E2F971976D13400CB7E5B /* XCTest.framework */; };
		2B7E2F991976D13400CB7E5B /* Foundation.framework in Frameworks */ = {isa = PBXBuildFile; fileRef = 2B7E2F7E1976D13400CB7E5B /* Foundation.framework */; };
		2B7E2F9A1976D13400CB7E5B /* UIKit.framework in Frameworks */ = {isa = PBXBuildFile; fileRef = 2B7E2F821976D13400CB7E5B /* UIKit.framework */; };
		2B7E2FA21976D13400CB7E5B /* InfoPlist.strings in Resources */ = {isa = PBXBuildFile; fileRef = 2B7E2FA01976D13400CB7E5B /* InfoPlist.strings */; };
		2B7E2FA41976D13400CB7E5B /* GigFinderTests.m in Sources */ = {isa = PBXBuildFile; fileRef = 2B7E2FA31976D13400CB7E5B /* GigFinderTests.m */; };
		2B7E2FB31976D2DE00CB7E5B /* US2EventListViewController.m in Sources */ = {isa = PBXBuildFile; fileRef = 2B7E2FB21976D2DE00CB7E5B /* US2EventListViewController.m */; };
		2B7E2FB61976D32500CB7E5B /* US2Event.m in Sources */ = {isa = PBXBuildFile; fileRef = 2B7E2FB51976D32500CB7E5B /* US2Event.m */; };
		2B7E2FB91976D35C00CB7E5B /* US2EventProxy.m in Sources */ = {isa = PBXBuildFile; fileRef = 2B7E2FB81976D35C00CB7E5B /* US2EventProxy.m */; };
		2B7E2FBC1976D3D600CB7E5B /* US2EventListView.m in Sources */ = {isa = PBXBuildFile; fileRef = 2B7E2FBB1976D3D600CB7E5B /* US2EventListView.m */; };
		2B7E2FBE1976D3F200CB7E5B /* US2Storyboard.storyboard in Resources */ = {isa = PBXBuildFile; fileRef = 2B7E2FBD1976D3F200CB7E5B /* US2Storyboard.storyboard */; };
/* End PBXBuildFile section */

/* Begin PBXContainerItemProxy section */
		2B7E2F9B1976D13400CB7E5B /* PBXContainerItemProxy */ = {
			isa = PBXContainerItemProxy;
			containerPortal = 2B7E2F731976D13400CB7E5B /* Project object */;
			proxyType = 1;
			remoteGlobalIDString = 2B7E2F7A1976D13400CB7E5B;
			remoteInfo = GigFinder;
		};
/* End PBXContainerItemProxy section */

/* Begin PBXFileReference section */
		2B7E2F7B1976D13400CB7E5B /* GigFinder.app */ = {isa = PBXFileReference; explicitFileType = wrapper.application; includeInIndex = 0; path = GigFinder.app; sourceTree = BUILT_PRODUCTS_DIR; };
		2B7E2F7E1976D13400CB7E5B /* Foundation.framework */ = {isa = PBXFileReference; lastKnownFileType = wrapper.framework; name = Foundation.framework; path = System/Library/Frameworks/Foundation.framework; sourceTree = SDKROOT; };
		2B7E2F801976D13400CB7E5B /* CoreGraphics.framework */ = {isa = PBXFileReference; lastKnownFileType = wrapper.framework; name = CoreGraphics.framework; path = System/Library/Frameworks/CoreGraphics.framework; sourceTree = SDKROOT; };
		2B7E2F821976D13400CB7E5B /* UIKit.framework */ = {isa = PBXFileReference; lastKnownFileType = wrapper.framework; name = UIKit.framework; path = System/Library/Frameworks/UIKit.framework; sourceTree = SDKROOT; };
		2B7E2F861976D13400CB7E5B /* GigFinder-Info.plist */ = {isa = PBXFileReference; lastKnownFileType = text.plist.xml; path = "GigFinder-Info.plist"; sourceTree = "<group>"; };
		2B7E2F881976D13400CB7E5B /* en */ = {isa = PBXFileReference; lastKnownFileType = text.plist.strings; name = en; path = en.lproj/InfoPlist.strings; sourceTree = "<group>"; };
		2B7E2F8A1976D13400CB7E5B /* main.m */ = {isa = PBXFileReference; lastKnownFileType = sourcecode.c.objc; path = main.m; sourceTree = "<group>"; };
		2B7E2F8C1976D13400CB7E5B /* GigFinder-Prefix.pch */ = {isa = PBXFileReference; lastKnownFileType = sourcecode.c.h; path = "GigFinder-Prefix.pch"; sourceTree = "<group>"; };
		2B7E2F8D1976D13400CB7E5B /* AppDelegate.h */ = {isa = PBXFileReference; lastKnownFileType = sourcecode.c.h; path = AppDelegate.h; sourceTree = "<group>"; };
		2B7E2F8E1976D13400CB7E5B /* AppDelegate.m */ = {isa = PBXFileReference; lastKnownFileType = sourcecode.c.objc; path = AppDelegate.m; sourceTree = "<group>"; };
		2B7E2F901976D13400CB7E5B /* Images.xcassets */ = {isa = PBXFileReference; lastKnownFileType = folder.assetcatalog; path = Images.xcassets; sourceTree = "<group>"; };
		2B7E2F961976D13400CB7E5B /* GigFinderTests.xctest */ = {isa = PBXFileReference; explicitFileType = wrapper.cfbundle; includeInIndex = 0; path = GigFinderTests.xctest; sourceTree = BUILT_PRODUCTS_DIR; };
		2B7E2F971976D13400CB7E5B /* XCTest.framework */ = {isa = PBXFileReference; lastKnownFileType = wrapper.framework; name = XCTest.framework; path = Library/Frameworks/XCTest.framework; sourceTree = DEVELOPER_DIR; };
		2B7E2F9F1976D13400CB7E5B /* GigFinderTests-Info.plist */ = {isa = PBXFileReference; lastKnownFileType = text.plist.xml; path = "GigFinderTests-Info.plist"; sourceTree = "<group>"; };
		2B7E2FA11976D13400CB7E5B /* en */ = {isa = PBXFileReference; lastKnownFileType = text.plist.strings; name = en; path = en.lproj/InfoPlist.strings; sourceTree = "<group>"; };
		2B7E2FA31976D13400CB7E5B /* GigFinderTests.m */ = {isa = PBXFileReference; lastKnownFileType = sourcecode.c.objc; path = GigFinderTests.m; sourceTree = "<group>"; };
		2B7E2FB11976D2DE00CB7E5B /* US2EventListViewController.h */ = {isa = PBXFileReference; fileEncoding = 4; lastKnownFileType = sourcecode.c.h; path = US2EventListViewController.h; sourceTree = "<group>"; };
		2B7E2FB21976D2DE00CB7E5B /* US2EventListViewController.m */ = {isa = PBXFileReference; fileEncoding = 4; lastKnownFileType = sourcecode.c.objc; path = US2EventListViewController.m; sourceTree = "<group>"; };
		2B7E2FB41976D32500CB7E5B /* US2Event.h */ = {isa = PBXFileReference; fileEncoding = 4; lastKnownFileType = sourcecode.c.h; path = US2Event.h; sourceTree = "<group>"; };
		2B7E2FB51976D32500CB7E5B /* US2Event.m */ = {isa = PBXFileReference; fileEncoding = 4; lastKnownFileType = sourcecode.c.objc; path = US2Event.m; sourceTree = "<group>"; };
		2B7E2FB71976D35C00CB7E5B /* US2EventProxy.h */ = {isa = PBXFileReference; fileEncoding = 4; lastKnownFileType = sourcecode.c.h; path = US2EventProxy.h; sourceTree = "<group>"; };
		2B7E2FB81976D35C00CB7E5B /* US2EventProxy.m */ = {isa = PBXFileReference; fileEncoding = 4; lastKnownFileType = sourcecode.c.objc; path = US2EventProxy.m; sourceTree = "<group>"; };
		2B7E2FBA1976D3D600CB7E5B /* US2EventListView.h */ = {isa = PBXFileReference; fileEncoding = 4; lastKnownFileType = sourcecode.c.h; path = US2EventListView.h; sourceTree = "<group>"; };
		2B7E2FBB1976D3D600CB7E5B /* US2EventListView.m */ = {isa = PBXFileReference; fileEncoding = 4; lastKnownFileType = sourcecode.c.objc; path = US2EventListView.m; sourceTree = "<group>"; };
		2B7E2FBD1976D3F200CB7E5B /* US2Storyboard.storyboard */ = {isa = PBXFileReference; fileEncoding = 4; lastKnownFileType = file.storyboard; path = US2Storyboard.storyboard; sourceTree = "<group>"; };
/* End PBXFileReference section */

/* Begin PBXFrameworksBuildPhase section */
		2B7E2F781976D13400CB7E5B /* Frameworks */ = {
			isa = PBXFrameworksBuildPhase;
			buildActionMask = 2147483647;
			files = (
				2B7E2F811976D13400CB7E5B /* CoreGraphics.framework in Frameworks */,
				2B7E2F831976D13400CB7E5B /* UIKit.framework in Frameworks */,
				2B7E2F7F1976D13400CB7E5B /* Foundation.framework in Frameworks */,
			);
			runOnlyForDeploymentPostprocessing = 0;
		};
		2B7E2F931976D13400CB7E5B /* Frameworks */ = {
			isa = PBXFrameworksBuildPhase;
			buildActionMask = 2147483647;
			files = (
				2B7E2F981976D13400CB7E5B /* XCTest.framework in Frameworks */,
				2B7E2F9A1976D13400CB7E5B /* UIKit.framework in Frameworks */,
				2B7E2F991976D13400CB7E5B /* Foundation.framework in Frameworks */,
			);
			runOnlyForDeploymentPostprocessing = 0;
		};
/* End PBXFrameworksBuildPhase section */

/* Begin PBXGroup section */
		2B7E2F721976D13400CB7E5B = {
			isa = PBXGroup;
			children = (
				2B7E2F841976D13400CB7E5B /* GigFinder */,
				2B7E2F9D1976D13400CB7E5B /* GigFinderTests */,
				2B7E2F7D1976D13400CB7E5B /* Frameworks */,
				2B7E2F7C1976D13400CB7E5B /* Products */,
			);
			sourceTree = "<group>";
		};
		2B7E2F7C1976D13400CB7E5B /* Products */ = {
			isa = PBXGroup;
			children = (
				2B7E2F7B1976D13400CB7E5B /* GigFinder.app */,
				2B7E2F961976D13400CB7E5B /* GigFinderTests.xctest */,
			);
			name = Products;
			sourceTree = "<group>";
		};
		2B7E2F7D1976D13400CB7E5B /* Frameworks */ = {
			isa = PBXGroup;
			children = (
				2B7E2F7E1976D13400CB7E5B /* Foundation.framework */,
				2B7E2F801976D13400CB7E5B /* CoreGraphics.framework */,
				2B7E2F821976D13400CB7E5B /* UIKit.framework */,
				2B7E2F971976D13400CB7E5B /* XCTest.framework */,
			);
			name = Frameworks;
			sourceTree = "<group>";
		};
		2B7E2F841976D13400CB7E5B /* GigFinder */ = {
			isa = PBXGroup;
			children = (
				2B7E2FAD1976D21E00CB7E5B /* EventList */,
				2B7E2F8D1976D13400CB7E5B /* AppDelegate.h */,
				2B7E2F8E1976D13400CB7E5B /* AppDelegate.m */,
				2B7E2F901976D13400CB7E5B /* Images.xcassets */,
				2B7E2F851976D13400CB7E5B /* Supporting Files */,
			);
			path = GigFinder;
			sourceTree = "<group>";
		};
		2B7E2F851976D13400CB7E5B /* Supporting Files */ = {
			isa = PBXGroup;
			children = (
				2B7E2F861976D13400CB7E5B /* GigFinder-Info.plist */,
				2B7E2F871976D13400CB7E5B /* InfoPlist.strings */,
				2B7E2F8A1976D13400CB7E5B /* main.m */,
				2B7E2F8C1976D13400CB7E5B /* GigFinder-Prefix.pch */,
			);
			name = "Supporting Files";
			sourceTree = "<group>";
		};
		2B7E2F9D1976D13400CB7E5B /* GigFinderTests */ = {
			isa = PBXGroup;
			children = (
				2B7E2FA31976D13400CB7E5B /* GigFinderTests.m */,
				2B7E2F9E1976D13400CB7E5B /* Supporting Files */,
			);
			path = GigFinderTests;
			sourceTree = "<group>";
		};
		2B7E2F9E1976D13400CB7E5B /* Supporting Files */ = {
			isa = PBXGroup;
			children = (
				2B7E2F9F1976D13400CB7E5B /* GigFinderTests-Info.plist */,
				2B7E2FA01976D13400CB7E5B /* InfoPlist.strings */,
			);
			name = "Supporting Files";
			sourceTree = "<group>";
		};
		2B7E2FAD1976D21E00CB7E5B /* EventList */ = {
			isa = PBXGroup;
			children = (
				2B7E2FBF1976D3F700CB7E5B /* Resources */,
				2B7E2FB01976D25100CB7E5B /* View */,
				2B7E2FAF1976D24B00CB7E5B /* Controller */,
				2B7E2FAE1976D24000CB7E5B /* Model */,
			);
			name = EventList;
			sourceTree = "<group>";
		};
		2B7E2FAE1976D24000CB7E5B /* Model */ = {
			isa = PBXGroup;
			children = (
				2B7E2FB41976D32500CB7E5B /* US2Event.h */,
				2B7E2FB51976D32500CB7E5B /* US2Event.m */,
				2B7E2FB71976D35C00CB7E5B /* US2EventProxy.h */,
				2B7E2FB81976D35C00CB7E5B /* US2EventProxy.m */,
			);
			name = Model;
			sourceTree = "<group>";
		};
		2B7E2FAF1976D24B00CB7E5B /* Controller */ = {
			isa = PBXGroup;
			children = (
				2B7E2FB11976D2DE00CB7E5B /* US2EventListViewController.h */,
				2B7E2FB21976D2DE00CB7E5B /* US2EventListViewController.m */,
			);
			name = Controller;
			sourceTree = "<group>";
		};
		2B7E2FB01976D25100CB7E5B /* View */ = {
			isa = PBXGroup;
			children = (
				2B7E2FBA1976D3D600CB7E5B /* US2EventListView.h */,
				2B7E2FBB1976D3D600CB7E5B /* US2EventListView.m */,
			);
			name = View;
			sourceTree = "<group>";
		};
		2B7E2FBF1976D3F700CB7E5B /* Resources */ = {
			isa = PBXGroup;
			children = (
				2B7E2FC21976D41E00CB7E5B /* Storyboards */,
				2B7E2FC01976D40200CB7E5B /* Images */,
			);
			name = Resources;
			sourceTree = "<group>";
		};
		2B7E2FC01976D40200CB7E5B /* Images */ = {
			isa = PBXGroup;
			children = (
			);
			name = Images;
			sourceTree = "<group>";
		};
		2B7E2FC21976D41E00CB7E5B /* Storyboards */ = {
			isa = PBXGroup;
			children = (
				2B7E2FBD1976D3F200CB7E5B /* US2Storyboard.storyboard */,
			);
			name = Storyboards;
			sourceTree = "<group>";
		};
/* End PBXGroup section */

/* Begin PBXNativeTarget section */
		2B7E2F7A1976D13400CB7E5B /* GigFinder */ = {
			isa = PBXNativeTarget;
			buildConfigurationList = 2B7E2FA71976D13400CB7E5B /* Build configuration list for PBXNativeTarget "GigFinder" */;
			buildPhases = (
				2B7E2F771976D13400CB7E5B /* Sources */,
				2B7E2F781976D13400CB7E5B /* Frameworks */,
				2B7E2F791976D13400CB7E5B /* Resources */,
			);
			buildRules = (
			);
			dependencies = (
			);
			name = GigFinder;
			productName = GigFinder;
			productReference = 2B7E2F7B1976D13400CB7E5B /* GigFinder.app */;
			productType = "com.apple.product-type.application";
		};
		2B7E2F951976D13400CB7E5B /* GigFinderTests */ = {
			isa = PBXNativeTarget;
			buildConfigurationList = 2B7E2FAA1976D13400CB7E5B /* Build configuration list for PBXNativeTarget "GigFinderTests" */;
			buildPhases = (
				2B7E2F921976D13400CB7E5B /* Sources */,
				2B7E2F931976D13400CB7E5B /* Frameworks */,
				2B7E2F941976D13400CB7E5B /* Resources */,
			);
			buildRules = (
			);
			dependencies = (
				2B7E2F9C1976D13400CB7E5B /* PBXTargetDependency */,
			);
			name = GigFinderTests;
			productName = GigFinderTests;
			productReference = 2B7E2F961976D13400CB7E5B /* GigFinderTests.xctest */;
			productType = "com.apple.product-type.bundle.unit-test";
		};
/* End PBXNativeTarget section */

/* Begin PBXProject section */
		2B7E2F731976D13400CB7E5B /* Project object */ = {
			isa = PBXProject;
			attributes = {
				LastUpgradeCheck = 0510;
				ORGANIZATIONNAME = ustwo.com.ty;
				TargetAttributes = {
					2B7E2F951976D13400CB7E5B = {
						TestTargetID = 2B7E2F7A1976D13400CB7E5B;
					};
				};
			};
			buildConfigurationList = 2B7E2F761976D13400CB7E5B /* Build configuration list for PBXProject "GigFinder" */;
			compatibilityVersion = "Xcode 3.2";
			developmentRegion = English;
			hasScannedForEncodings = 0;
			knownRegions = (
				en,
			);
			mainGroup = 2B7E2F721976D13400CB7E5B;
			productRefGroup = 2B7E2F7C1976D13400CB7E5B /* Products */;
			projectDirPath = "";
			projectRoot = "";
			targets = (
				2B7E2F7A1976D13400CB7E5B /* GigFinder */,
				2B7E2F951976D13400CB7E5B /* GigFinderTests */,
			);
		};
/* End PBXProject section */

/* Begin PBXResourcesBuildPhase section */
		2B7E2F791976D13400CB7E5B /* Resources */ = {
			isa = PBXResourcesBuildPhase;
			buildActionMask = 2147483647;
			files = (
				2B7E2F891976D13400CB7E5B /* InfoPlist.strings in Resources */,
				2B7E2F911976D13400CB7E5B /* Images.xcassets in Resources */,
				2B7E2FBE1976D3F200CB7E5B /* US2Storyboard.storyboard in Resources */,
			);
			runOnlyForDeploymentPostprocessing = 0;
		};
		2B7E2F941976D13400CB7E5B /* Resources */ = {
			isa = PBXResourcesBuildPhase;
			buildActionMask = 2147483647;
			files = (
				2B7E2FA21976D13400CB7E5B /* InfoPlist.strings in Resources */,
			);
			runOnlyForDeploymentPostprocessing = 0;
		};
/* End PBXResourcesBuildPhase section */

/* Begin PBXSourcesBuildPhase section */
		2B7E2F771976D13400CB7E5B /* Sources */ = {
			isa = PBXSourcesBuildPhase;
			buildActionMask = 2147483647;
			files = (
				2B7E2FBC1976D3D600CB7E5B /* US2EventListView.m in Sources */,
				2B7E2F8F1976D13400CB7E5B /* AppDelegate.m in Sources */,
				2B7E2FB91976D35C00CB7E5B /* US2EventProxy.m in Sources */,
				2B7E2FB61976D32500CB7E5B /* US2Event.m in Sources */,
				2B7E2F8B1976D13400CB7E5B /* main.m in Sources */,
				2B7E2FB31976D2DE00CB7E5B /* US2EventListViewController.m in Sources */,
			);
			runOnlyForDeploymentPostprocessing = 0;
		};
		2B7E2F921976D13400CB7E5B /* Sources */ = {
			isa = PBXSourcesBuildPhase;
			buildActionMask = 2147483647;
			files = (
				2B7E2FA41976D13400CB7E5B /* GigFinderTests.m in Sources */,
			);
			runOnlyForDeploymentPostprocessing = 0;
		};
/* End PBXSourcesBuildPhase section */

/* Begin PBXTargetDependency section */
		2B7E2F9C1976D13400CB7E5B /* PBXTargetDependency */ = {
			isa = PBXTargetDependency;
			target = 2B7E2F7A1976D13400CB7E5B /* GigFinder */;
			targetProxy = 2B7E2F9B1976D13400CB7E5B /* PBXContainerItemProxy */;
		};
/* End PBXTargetDependency section */

/* Begin PBXVariantGroup section */
		2B7E2F871976D13400CB7E5B /* InfoPlist.strings */ = {
			isa = PBXVariantGroup;
			children = (
				2B7E2F881976D13400CB7E5B /* en */,
			);
			name = InfoPlist.strings;
			sourceTree = "<group>";
		};
		2B7E2FA01976D13400CB7E5B /* InfoPlist.strings */ = {
			isa = PBXVariantGroup;
			children = (
				2B7E2FA11976D13400CB7E5B /* en */,
			);
			name = InfoPlist.strings;
			sourceTree = "<group>";
		};
/* End PBXVariantGroup section */

/* Begin XCBuildConfiguration section */
		2B7E2FA51976D13400CB7E5B /* Debug */ = {
			isa = XCBuildConfiguration;
			buildSettings = {
				ALWAYS_SEARCH_USER_PATHS = NO;
				CLANG_CXX_LANGUAGE_STANDARD = "gnu++0x";
				CLANG_CXX_LIBRARY = "libc++";
				CLANG_ENABLE_MODULES = YES;
				CLANG_ENABLE_OBJC_ARC = YES;
				CLANG_WARN_BOOL_CONVERSION = YES;
				CLANG_WARN_CONSTANT_CONVERSION = YES;
				CLANG_WARN_DIRECT_OBJC_ISA_USAGE = YES_ERROR;
				CLANG_WARN_EMPTY_BODY = YES;
				CLANG_WARN_ENUM_CONVERSION = YES;
				CLANG_WARN_INT_CONVERSION = YES;
				CLANG_WARN_OBJC_ROOT_CLASS = YES_ERROR;
				CLANG_WARN__DUPLICATE_METHOD_MATCH = YES;
				"CODE_SIGN_IDENTITY[sdk=iphoneos*]" = "iPhone Developer";
				COPY_PHASE_STRIP = NO;
				GCC_C_LANGUAGE_STANDARD = gnu99;
				GCC_DYNAMIC_NO_PIC = NO;
				GCC_OPTIMIZATION_LEVEL = 0;
				GCC_PREPROCESSOR_DEFINITIONS = (
					"DEBUG=1",
					"$(inherited)",
				);
				GCC_SYMBOLS_PRIVATE_EXTERN = NO;
				GCC_WARN_64_TO_32_BIT_CONVERSION = YES;
				GCC_WARN_ABOUT_RETURN_TYPE = YES_ERROR;
				GCC_WARN_UNDECLARED_SELECTOR = YES;
				GCC_WARN_UNINITIALIZED_AUTOS = YES_AGGRESSIVE;
				GCC_WARN_UNUSED_FUNCTION = YES;
				GCC_WARN_UNUSED_VARIABLE = YES;
				IPHONEOS_DEPLOYMENT_TARGET = 7.1;
				ONLY_ACTIVE_ARCH = YES;
				SDKROOT = iphoneos;
			};
			name = Debug;
		};
		2B7E2FA61976D13400CB7E5B /* Release */ = {
			isa = XCBuildConfiguration;
			buildSettings = {
				ALWAYS_SEARCH_USER_PATHS = NO;
				CLANG_CXX_LANGUAGE_STANDARD = "gnu++0x";
				CLANG_CXX_LIBRARY = "libc++";
				CLANG_ENABLE_MODULES = YES;
				CLANG_ENABLE_OBJC_ARC = YES;
				CLANG_WARN_BOOL_CONVERSION = YES;
				CLANG_WARN_CONSTANT_CONVERSION = YES;
				CLANG_WARN_DIRECT_OBJC_ISA_USAGE = YES_ERROR;
				CLANG_WARN_EMPTY_BODY = YES;
				CLANG_WARN_ENUM_CONVERSION = YES;
				CLANG_WARN_INT_CONVERSION = YES;
				CLANG_WARN_OBJC_ROOT_CLASS = YES_ERROR;
				CLANG_WARN__DUPLICATE_METHOD_MATCH = YES;
				"CODE_SIGN_IDENTITY[sdk=iphoneos*]" = "iPhone Developer";
				COPY_PHASE_STRIP = YES;
				ENABLE_NS_ASSERTIONS = NO;
				GCC_C_LANGUAGE_STANDARD = gnu99;
				GCC_WARN_64_TO_32_BIT_CONVERSION = YES;
				GCC_WARN_ABOUT_RETURN_TYPE = YES_ERROR;
				GCC_WARN_UNDECLARED_SELECTOR = YES;
				GCC_WARN_UNINITIALIZED_AUTOS = YES_AGGRESSIVE;
				GCC_WARN_UNUSED_FUNCTION = YES;
				GCC_WARN_UNUSED_VARIABLE = YES;
				IPHONEOS_DEPLOYMENT_TARGET = 7.1;
				SDKROOT = iphoneos;
				VALIDATE_PRODUCT = YES;
			};
			name = Release;
		};
		2B7E2FA81976D13400CB7E5B /* Debug */ = {
			isa = XCBuildConfiguration;
			buildSettings = {
				ASSETCATALOG_COMPILER_APPICON_NAME = AppIcon;
				ASSETCATALOG_COMPILER_LAUNCHIMAGE_NAME = LaunchImage;
				GCC_PRECOMPILE_PREFIX_HEADER = YES;
				GCC_PREFIX_HEADER = "GigFinder/GigFinder-Prefix.pch";
				INFOPLIST_FILE = "GigFinder/GigFinder-Info.plist";
				PRODUCT_NAME = "$(TARGET_NAME)";
				WRAPPER_EXTENSION = app;
			};
			name = Debug;
		};
		2B7E2FA91976D13400CB7E5B /* Release */ = {
			isa = XCBuildConfiguration;
			buildSettings = {
				ASSETCATALOG_COMPILER_APPICON_NAME = AppIcon;
				ASSETCATALOG_COMPILER_LAUNCHIMAGE_NAME = LaunchImage;
				GCC_PRECOMPILE_PREFIX_HEADER = YES;
				GCC_PREFIX_HEADER = "GigFinder/GigFinder-Prefix.pch";
				INFOPLIST_FILE = "GigFinder/GigFinder-Info.plist";
				PRODUCT_NAME = "$(TARGET_NAME)";
				WRAPPER_EXTENSION = app;
			};
			name = Release;
		};
		2B7E2FAB1976D13400CB7E5B /* Debug */ = {
			isa = XCBuildConfiguration;
			buildSettings = {
				BUNDLE_LOADER = "$(BUILT_PRODUCTS_DIR)/GigFinder.app/GigFinder";
				FRAMEWORK_SEARCH_PATHS = (
					"$(SDKROOT)/Developer/Library/Frameworks",
					"$(inherited)",
					"$(DEVELOPER_FRAMEWORKS_DIR)",
				);
				GCC_PRECOMPILE_PREFIX_HEADER = YES;
				GCC_PREFIX_HEADER = "GigFinder/GigFinder-Prefix.pch";
				GCC_PREPROCESSOR_DEFINITIONS = (
					"DEBUG=1",
					"$(inherited)",
				);
				INFOPLIST_FILE = "GigFinderTests/GigFinderTests-Info.plist";
				PRODUCT_NAME = "$(TARGET_NAME)";
				TEST_HOST = "$(BUNDLE_LOADER)";
				WRAPPER_EXTENSION = xctest;
			};
			name = Debug;
		};
		2B7E2FAC1976D13400CB7E5B /* Release */ = {
			isa = XCBuildConfiguration;
			buildSettings = {
				BUNDLE_LOADER = "$(BUILT_PRODUCTS_DIR)/GigFinder.app/GigFinder";
				FRAMEWORK_SEARCH_PATHS = (
					"$(SDKROOT)/Developer/Library/Frameworks",
					"$(inherited)",
					"$(DEVELOPER_FRAMEWORKS_DIR)",
				);
				GCC_PRECOMPILE_PREFIX_HEADER = YES;
				GCC_PREFIX_HEADER = "GigFinder/GigFinder-Prefix.pch";
				INFOPLIST_FILE = "GigFinderTests/GigFinderTests-Info.plist";
				PRODUCT_NAME = "$(TARGET_NAME)";
				TEST_HOST = "$(BUNDLE_LOADER)";
				WRAPPER_EXTENSION = xctest;
			};
			name = Release;
		};
/* End XCBuildConfiguration section */

/* Begin XCConfigurationList section */
		2B7E2F761976D13400CB7E5B /* Build configuration list for PBXProject "GigFinder" */ = {
			isa = XCConfigurationList;
			buildConfigurations = (
				2B7E2FA51976D13400CB7E5B /* Debug */,
				2B7E2FA61976D13400CB7E5B /* Release */,
			);
			defaultConfigurationIsVisible = 0;
			defaultConfigurationName = Release;
		};
		2B7E2FA71976D13400CB7E5B /* Build configuration list for PBXNativeTarget "GigFinder" */ = {
			isa = XCConfigurationList;
			buildConfigurations = (
				2B7E2FA81976D13400CB7E5B /* Debug */,
				2B7E2FA91976D13400CB7E5B /* Release */,
			);
			defaultConfigurationIsVisible = 0;
			defaultConfigurationName = Release;
		};
		2B7E2FAA1976D13400CB7E5B /* Build configuration list for PBXNativeTarget "GigFinderTests" */ = {
			isa = XCConfigurationList;
			buildConfigurations = (
				2B7E2FAB1976D13400CB7E5B /* Debug */,
				2B7E2FAC1976D13400CB7E5B /* Release */,
			);
			defaultConfigurationIsVisible = 0;
			defaultConfigurationName = Release;
		};
/* End XCConfigurationList section */
	};
	rootObject = 2B7E2F731976D13400CB7E5B /* Project object */;
}
